// !$*UTF8*$!
{
	archiveVersion = 1;
	classes = {
	};
	objectVersion = 46;
	objects = {

/* Begin PBXBuildFile section */
		820944601F62930600A3D31E /* AppDelegate.swift in Sources */ = {isa = PBXBuildFile; fileRef = 8209445F1F62930600A3D31E /* AppDelegate.swift */; };
		820944621F62930600A3D31E /* ViewController.swift in Sources */ = {isa = PBXBuildFile; fileRef = 820944611F62930600A3D31E /* ViewController.swift */; };
		820944651F62930600A3D31E /* Main.storyboard in Resources */ = {isa = PBXBuildFile; fileRef = 820944631F62930600A3D31E /* Main.storyboard */; };
		820944681F62930600A3D31E /* DreamList.xcdatamodeld in Sources */ = {isa = PBXBuildFile; fileRef = 820944661F62930600A3D31E /* DreamList.xcdatamodeld */; };
		8209446A1F62930600A3D31E /* Assets.xcassets in Resources */ = {isa = PBXBuildFile; fileRef = 820944691F62930600A3D31E /* Assets.xcassets */; };
		8209446D1F62930600A3D31E /* LaunchScreen.storyboard in Resources */ = {isa = PBXBuildFile; fileRef = 8209446B1F62930600A3D31E /* LaunchScreen.storyboard */; };
/* End PBXBuildFile section */

/* Begin PBXFileReference section */
		8209445C1F62930600A3D31E /* DreamList.app */ = {isa = PBXFileReference; explicitFileType = wrapper.application; includeInIndex = 0; path = DreamList.app; sourceTree = BUILT_PRODUCTS_DIR; };
		8209445F1F62930600A3D31E /* AppDelegate.swift */ = {isa = PBXFileReference; lastKnownFileType = sourcecode.swift; path = AppDelegate.swift; sourceTree = "<group>"; };
		820944611F62930600A3D31E /* ViewController.swift */ = {isa = PBXFileReference; lastKnownFileType = sourcecode.swift; path = ViewController.swift; sourceTree = "<group>"; };
		820944641F62930600A3D31E /* Base */ = {isa = PBXFileReference; lastKnownFileType = file.storyboard; name = Base; path = Base.lproj/Main.storyboard; sourceTree = "<group>"; };
		820944671F62930600A3D31E /* DreamList.xcdatamodel */ = {isa = PBXFileReference; lastKnownFileType = wrapper.xcdatamodel; path = DreamList.xcdatamodel; sourceTree = "<group>"; };
		820944691F62930600A3D31E /* Assets.xcassets */ = {isa = PBXFileReference; lastKnownFileType = folder.assetcatalog; path = Assets.xcassets; sourceTree = "<group>"; };
		8209446C1F62930600A3D31E /* Base */ = {isa = PBXFileReference; lastKnownFileType = file.storyboard; name = Base; path = Base.lproj/LaunchScreen.storyboard; sourceTree = "<group>"; };
		8209446E1F62930600A3D31E /* Info.plist */ = {isa = PBXFileReference; lastKnownFileType = text.plist.xml; path = Info.plist; sourceTree = "<group>"; };
/* End PBXFileReference section */

/* Begin PBXFrameworksBuildPhase section */
		820944591F62930600A3D31E /* Frameworks */ = {
			isa = PBXFrameworksBuildPhase;
			buildActionMask = 2147483647;
			files = (
			);
			runOnlyForDeploymentPostprocessing = 0;
		};
/* End PBXFrameworksBuildPhase section */

/* Begin PBXGroup section */
		820944531F62930600A3D31E = {
			isa = PBXGroup;
			children = (
				8209445E1F62930600A3D31E /* DreamList */,
				8209445D1F62930600A3D31E /* Products */,
			);
			sourceTree = "<group>";
		};
		8209445D1F62930600A3D31E /* Products */ = {
			isa = PBXGroup;
			children = (
				8209445C1F62930600A3D31E /* DreamList.app */,
			);
			name = Products;
			sourceTree = "<group>";
		};
		8209445E1F62930600A3D31E /* DreamList */ = {
			isa = PBXGroup;
			children = (
				8209445F1F62930600A3D31E /* AppDelegate.swift */,
				820944611F62930600A3D31E /* ViewController.swift */,
				820944631F62930600A3D31E /* Main.storyboard */,
				820944691F62930600A3D31E /* Assets.xcassets */,
				8209446B1F62930600A3D31E /* LaunchScreen.storyboard */,
				8209446E1F62930600A3D31E /* Info.plist */,
				820944661F62930600A3D31E /* DreamList.xcdatamodeld */,
			);
			path = DreamList;
			sourceTree = "<group>";
		};
/* End PBXGroup section */

/* Begin PBXNativeTarget section */
		8209445B1F62930600A3D31E /* DreamList */ = {
			isa = PBXNativeTarget;
			buildConfigurationList = 820944711F62930600A3D31E /* Build configuration list for PBXNativeTarget "DreamList" */;
			buildPhases = (
				820944581F62930600A3D31E /* Sources */,
				820944591F62930600A3D31E /* Frameworks */,
				8209445A1F62930600A3D31E /* Resources */,
			);
			buildRules = (
			);
			dependencies = (
			);
			name = DreamList;
			productName = DreamList;
			productReference = 8209445C1F62930600A3D31E /* DreamList.app */;
			productType = "com.apple.product-type.application";
		};
/* End PBXNativeTarget section */

/* Begin PBXProject section */
		820944541F62930600A3D31E /* Project object */ = {
			isa = PBXProject;
			attributes = {
				LastSwiftUpdateCheck = 0830;
				LastUpgradeCheck = 0830;
				ORGANIZATIONNAME = smallword;
				TargetAttributes = {
					8209445B1F62930600A3D31E = {
						CreatedOnToolsVersion = 8.3.3;
						ProvisioningStyle = Automatic;
					};
				};
			};
			buildConfigurationList = 820944571F62930600A3D31E /* Build configuration list for PBXProject "DreamList" */;
			compatibilityVersion = "Xcode 3.2";
			developmentRegion = English;
			hasScannedForEncodings = 0;
			knownRegions = (
				en,
				Base,
			);
			mainGroup = 820944531F62930600A3D31E;
			productRefGroup = 8209445D1F62930600A3D31E /* Products */;
			projectDirPath = "";
			projectRoot = "";
			targets = (
				8209445B1F62930600A3D31E /* DreamList */,
			);
		};
/* End PBXProject section */

/* Begin PBXResourcesBuildPhase section */
		8209445A1F62930600A3D31E /* Resources */ = {
			isa = PBXResourcesBuildPhase;
			buildActionMask = 2147483647;
			files = (
				8209446D1F62930600A3D31E /* LaunchScreen.storyboard in Resources */,
				8209446A1F62930600A3D31E /* Assets.xcassets in Resources */,
				820944651F62930600A3D31E /* Main.storyboard in Resources */,
			);
			runOnlyForDeploymentPostprocessing = 0;
		};
/* End PBXResourcesBuildPhase section */

/* Begin PBXSourcesBuildPhase section */
		820944581F62930600A3D31E /* Sources */ = {
			isa = PBXSourcesBuildPhase;
			buildActionMask = 2147483647;
			files = (
				820944621F62930600A3D31E /* ViewController.swift in Sources */,
				820944601F62930600A3D31E /* AppDelegate.swift in Sources */,
				820944681F62930600A3D31E /* DreamList.xcdatamodeld in Sources */,
			);
			runOnlyForDeploymentPostprocessing = 0;
		};
/* End PBXSourcesBuildPhase section */

/* Begin PBXVariantGroup section */
		820944631F62930600A3D31E /* Main.storyboard */ = {
			isa = PBXVariantGroup;
			children = (
				820944641F62930600A3D31E /* Base */,
			);
			name = Main.storyboard;
			sourceTree = "<group>";
		};
		8209446B1F62930600A3D31E /* LaunchScreen.storyboard */ = {
			isa = PBXVariantGroup;
			children = (
				8209446C1F62930600A3D31E /* Base */,
			);
			name = LaunchScreen.storyboard;
			sourceTree = "<group>";
		};
/* End PBXVariantGroup section */

/* Begin XCBuildConfiguration section */
		8209446F1F62930600A3D31E /* Debug */ = {
			isa = XCBuildConfiguration;
			buildSettings = {
				ALWAYS_SEARCH_USER_PATHS = NO;
				CLANG_ANALYZER_NONNULL = YES;
				CLANG_ANALYZER_NUMBER_OBJECT_CONVERSION = YES_AGGRESSIVE;
				CLANG_CXX_LANGUAGE_STANDARD = "gnu++0x";
				CLANG_CXX_LIBRARY = "libc++";
				CLANG_ENABLE_MODULES = YES;
				CLANG_ENABLE_OBJC_ARC = YES;
				CLANG_WARN_BOOL_CONVERSION = YES;
				CLANG_WARN_CONSTANT_CONVERSION = YES;
				CLANG_WARN_DIRECT_OBJC_ISA_USAGE = YES_ERROR;
				CLANG_WARN_DOCUMENTATION_COMMENTS = YES;
				CLANG_WARN_EMPTY_BODY = YES;
				CLANG_WARN_ENUM_CONVERSION = YES;
				CLANG_WARN_INFINITE_RECURSION = YES;
				CLANG_WARN_INT_CONVERSION = YES;
				CLANG_WARN_OBJC_ROOT_CLASS = YES_ERROR;
				CLANG_WARN_SUSPICIOUS_MOVE = YES;
				CLANG_WARN_UNREACHABLE_CODE = YES;
				CLANG_WARN__DUPLICATE_METHOD_MATCH = YES;
				"CODE_SIGN_IDENTITY[sdk=iphoneos*]" = "iPhone Developer";
				COPY_PHASE_STRIP = NO;
				DEBUG_INFORMATION_FORMAT = dwarf;
				ENABLE_STRICT_OBJC_MSGSEND = YES;
				ENABLE_TESTABILITY = YES;
				GCC_C_LANGUAGE_STANDARD = gnu99;
				GCC_DYNAMIC_NO_PIC = NO;
				GCC_NO_COMMON_BLOCKS = YES;
				GCC_OPTIMIZATION_LEVEL = 0;
				GCC_PREPROCESSOR_DEFINITIONS = (
					"DEBUG=1",
					"$(inherited)",
				);
				GCC_WARN_64_TO_32_BIT_CONVERSION = YES;
				GCC_WARN_ABOUT_RETURN_TYPE = YES_ERROR;
				GCC_WARN_UNDECLARED_SELECTOR = YES;
				GCC_WARN_UNINITIALIZED_AUTOS = YES_AGGRESSIVE;
				GCC_WARN_UNUSED_FUNCTION = YES;
				GCC_WARN_UNUSED_VARIABLE = YES;
				IPHONEOS_DEPLOYMENT_TARGET = 10.3;
				MTL_ENABLE_DEBUG_INFO = YES;
				ONLY_ACTIVE_ARCH = YES;
				SDKROOT = iphoneos;
				SWIFT_ACTIVE_COMPILATION_CONDITIONS = DEBUG;
				SWIFT_OPTIMIZATION_LEVEL = "-Onone";
			};
			name = Debug;
		};
		820944701F62930600A3D31E /* Release */ = {
			isa = XCBuildConfiguration;
			buildSettings = {
				ALWAYS_SEARCH_USER_PATHS = NO;
				CLANG_ANALYZER_NONNULL = YES;
				CLANG_ANALYZER_NUMBER_OBJECT_CONVERSION = YES_AGGRESSIVE;
				CLANG_CXX_LANGUAGE_STANDARD = "gnu++0x";
				CLANG_CXX_LIBRARY = "libc++";
				CLANG_ENABLE_MODULES = YES;
				CLANG_ENABLE_OBJC_ARC = YES;
				CLANG_WARN_BOOL_CONVERSION = YES;
				CLANG_WARN_CONSTANT_CONVERSION = YES;
				CLANG_WARN_DIRECT_OBJC_ISA_USAGE = YES_ERROR;
				CLANG_WARN_DOCUMENTATION_COMMENTS = YES;
				CLANG_WARN_EMPTY_BODY = YES;
				CLANG_WARN_ENUM_CONVERSION = YES;
				CLANG_WARN_INFINITE_RECURSION = YES;
				CLANG_WARN_INT_CONVERSION = YES;
				CLANG_WARN_OBJC_ROOT_CLASS = YES_ERROR;
				CLANG_WARN_SUSPICIOUS_MOVE = YES;
				CLANG_WARN_UNREACHABLE_CODE = YES;
				CLANG_WARN__DUPLICATE_METHOD_MATCH = YES;
				"CODE_SIGN_IDENTITY[sdk=iphoneos*]" = "iPhone Developer";
				COPY_PHASE_STRIP = NO;
				DEBUG_INFORMATION_FORMAT = "dwarf-with-dsym";
				ENABLE_NS_ASSERTIONS = NO;
				ENABLE_STRICT_OBJC_MSGSEND = YES;
				GCC_C_LANGUAGE_STANDARD = gnu99;
				GCC_NO_COMMON_BLOCKS = YES;
				GCC_WARN_64_TO_32_BIT_CONVERSION = YES;
				GCC_WARN_ABOUT_RETURN_TYPE = YES_ERROR;
				GCC_WARN_UNDECLARED_SELECTOR = YES;
				GCC_WARN_UNINITIALIZED_AUTOS = YES_AGGRESSIVE;
				GCC_WARN_UNUSED_FUNCTION = YES;
				GCC_WARN_UNUSED_VARIABLE = YES;
				IPHONEOS_DEPLOYMENT_TARGET = 10.3;
				MTL_ENABLE_DEBUG_INFO = NO;
				SDKROOT = iphoneos;
				SWIFT_OPTIMIZATION_LEVEL = "-Owholemodule";
				VALIDATE_PRODUCT = YES;
			};
			name = Release;
		};
		820944721F62930600A3D31E /* Debug */ = {
			isa = XCBuildConfiguration;
			buildSettings = {
				ASSETCATALOG_COMPILER_APPICON_NAME = AppIcon;
				INFOPLIST_FILE = DreamList/Info.plist;
				LD_RUNPATH_SEARCH_PATHS = "$(inherited) @executable_path/Frameworks";
				PRODUCT_BUNDLE_IDENTIFIER = smallword.DreamList;
				PRODUCT_NAME = "$(TARGET_NAME)";
				SWIFT_VERSION = 3.0;
			};
			name = Debug;
		};
		820944731F62930600A3D31E /* Release */ = {
			isa = XCBuildConfiguration;
			buildSettings = {
				ASSETCATALOG_COMPILER_APPICON_NAME = AppIcon;
				INFOPLIST_FILE = DreamList/Info.plist;
				LD_RUNPATH_SEARCH_PATHS = "$(inherited) @executable_path/Frameworks";
				PRODUCT_BUNDLE_IDENTIFIER = smallword.DreamList;
				PRODUCT_NAME = "$(TARGET_NAME)";
				SWIFT_VERSION = 3.0;
			};
			name = Release;
		};
/* End XCBuildConfiguration section */

/* Begin XCConfigurationList section */
		820944571F62930600A3D31E /* Build configuration list for PBXProject "DreamList" */ = {
			isa = XCConfigurationList;
			buildConfigurations = (
				8209446F1F62930600A3D31E /* Debug */,
				820944701F62930600A3D31E /* Release */,
			);
			defaultConfigurationIsVisible = 0;
			defaultConfigurationName = Release;
		};
		820944711F62930600A3D31E /* Build configuration list for PBXNativeTarget "DreamList" */ = {
			isa = XCConfigurationList;
			buildConfigurations = (
				820944721F62930600A3D31E /* Debug */,
				820944731F62930600A3D31E /* Release */,
			);
			defaultConfigurationIsVisible = 0;
		};
/* End XCConfigurationList section */

/* Begin XCVersionGroup section */
		820944661F62930600A3D31E /* DreamList.xcdatamodeld */ = {
			isa = XCVersionGroup;
			children = (
				820944671F62930600A3D31E /* DreamList.xcdatamodel */,
			);
			currentVersion = 820944671F62930600A3D31E /* DreamList.xcdatamodel */;
			path = DreamList.xcdatamodeld;
			sourceTree = "<group>";
			versionGroupType = wrapper.xcdatamodel;
		};
/* End XCVersionGroup section */
	};
	rootObject = 820944541F62930600A3D31E /* Project object */;
}
